<?xml version="1.0" encoding="utf-8"?>
<Project ToolsVersion="4.0" xmlns="http://schemas.microsoft.com/developer/msbuild/2003">
  <ItemGroup>
    <Filter Include="Source Files">
      <UniqueIdentifier>{4FC737F1-C7A5-4376-A066-2A32D752A2FF}</UniqueIdentifier>
      <Extensions>cpp;c;cc;cxx;def;odl;idl;hpj;bat;asm;asmx</Extensions>
    </Filter>
    <Filter Include="Header Files">
      <UniqueIdentifier>{93995380-89BD-4b04-88EB-625FBE52EBFB}</UniqueIdentifier>
      <Extensions>h;hh;hpp;hxx;hm;inl;inc;xsd</Extensions>
    </Filter>
    <Filter Include="Resource Files">
      <UniqueIdentifier>{67DA6AB6-F800-4c08-8B7A-83BB121AAD01}</UniqueIdentifier>
      <Extensions>rc;ico;cur;bmp;dlg;rc2;rct;bin;rgs;gif;jpg;jpeg;jpe;resx;tiff;tif;png;wav;mfcribbon-ms</Extensions>
    </Filter>
    <Filter Include="Source Files\WStructures">
      <UniqueIdentifier>{50fc4b2f-cbbd-47b2-81a2-0fb003e7cc5a}</UniqueIdentifier>
    </Filter>
    <Filter Include="Source Files\ImageLibrary">
      <UniqueIdentifier>{eec21213-5b87-468b-804b-8cdc781e745b}</UniqueIdentifier>
    </Filter>
    <Filter Include="Source Files\Utilities">
      <UniqueIdentifier>{ab1fa7c8-3f6f-4269-9959-76bb909fae05}</UniqueIdentifier>
    </Filter>
    <Filter Include="Source Files\WGeometricObjects">
      <UniqueIdentifier>{07ca856c-dea6-4bbc-a2ef-8303ba6794f2}</UniqueIdentifier>
    </Filter>
    <Filter Include="Source Files\WStructures\WCamera">
      <UniqueIdentifier>{292a3dae-c548-44f1-998a-861ba7c00e77}</UniqueIdentifier>
    </Filter>
    <Filter Include="Source Files\WShading">
      <UniqueIdentifier>{c9c1db28-191b-4d23-9234-6ddbeb821363}</UniqueIdentifier>
    </Filter>
    <Filter Include="Source Files\WShading\WMaterials">
      <UniqueIdentifier>{ae301dd2-f930-42f4-91ba-3a2b7ba4fc64}</UniqueIdentifier>
    </Filter>
    <Filter Include="Source Files\WShading\WLights">
      <UniqueIdentifier>{f70d66fc-2d9d-4cd6-8d12-c43b75d99b35}</UniqueIdentifier>
    </Filter>
    <Filter Include="Source Files\WShading\WBRDF">
      <UniqueIdentifier>{be4f5116-7500-44b3-89ec-c5cd78ac1732}</UniqueIdentifier>
    </Filter>
    <Filter Include="Source Files\WShading\WTextures">
      <UniqueIdentifier>{db8d8f00-26f8-4e1f-ac7d-ee1f4f71c22e}</UniqueIdentifier>
    </Filter>
    <Filter Include="Source Files\WShading\WTextures\WMapping">
      <UniqueIdentifier>{ea6f7133-ce37-499c-9985-dac7467ce12c}</UniqueIdentifier>
    </Filter>
  </ItemGroup>
  <ItemGroup>
    <ClCompile Include="main.cpp">
      <Filter>Source Files</Filter>
    </ClCompile>
    <ClCompile Include="WRay.cpp">
      <Filter>Source Files\WStructures</Filter>
    </ClCompile>
    <ClCompile Include="WVector2.cpp">
      <Filter>Source Files\WStructures</Filter>
    </ClCompile>
    <ClCompile Include="WVector3.cpp">
      <Filter>Source Files\WStructures</Filter>
    </ClCompile>
    <ClCompile Include="WPlane.cpp">
      <Filter>Source Files\WStructures</Filter>
    </ClCompile>
    <ClCompile Include="Image.cpp">
      <Filter>Source Files\ImageLibrary</Filter>
    </ClCompile>
    <ClCompile Include="WImageWriter.cpp">
      <Filter>Source Files\Utilities</Filter>
    </ClCompile>
    <ClCompile Include="WColor.cpp">
      <Filter>Source Files\WStructures</Filter>
    </ClCompile>
    <ClCompile Include="WImage.cpp">
      <Filter>Source Files\WStructures</Filter>
    </ClCompile>
    <ClCompile Include="WWorld.cpp">
      <Filter>Source Files\WStructures</Filter>
    </ClCompile>
    <ClCompile Include="WGeometricObject.cpp">
      <Filter>Source Files\WGeometricObjects</Filter>
    </ClCompile>
    <ClCompile Include="WSphere.cpp">
      <Filter>Source Files\WGeometricObjects</Filter>
    </ClCompile>
    <ClCompile Include="WUtilities.cpp">
      <Filter>Source Files\Utilities</Filter>
    </ClCompile>
    <ClCompile Include="WViewPlane.cpp">
      <Filter>Source Files\WStructures</Filter>
    </ClCompile>
    <ClCompile Include="WCamera.cpp">
      <Filter>Source Files\WStructures\WCamera</Filter>
    </ClCompile>
    <ClCompile Include="WOrthoCamera.cpp">
      <Filter>Source Files\WStructures\WCamera</Filter>
    </ClCompile>
    <ClCompile Include="WPerspectiveCamera.cpp">
      <Filter>Source Files\WStructures\WCamera</Filter>
    </ClCompile>
    <ClCompile Include="WTriangle.cpp">
      <Filter>Source Files\WGeometricObjects</Filter>
    </ClCompile>
    <ClCompile Include="WObjReader.cpp">
      <Filter>Source Files\Utilities</Filter>
    </ClCompile>
    <ClCompile Include="WLight.cpp">
      <Filter>Source Files\WShading\WLights</Filter>
    </ClCompile>
    <ClCompile Include="WMaterial.cpp">
      <Filter>Source Files\WShading\WMaterials</Filter>
    </ClCompile>
    <ClCompile Include="WShadingInfo.cpp">
      <Filter>Source Files\WShading</Filter>
    </ClCompile>
    <ClCompile Include="WMatteMaterial.cpp">
      <Filter>Source Files\WShading\WMaterials</Filter>
    </ClCompile>
    <ClCompile Include="WLambertian.cpp">
      <Filter>Source Files\WShading\WBRDF</Filter>
    </ClCompile>
    <ClCompile Include="WBRDF.cpp">
      <Filter>Source Files\WShading\WBRDF</Filter>
    </ClCompile>
    <ClCompile Include="WAmbient.cpp">
      <Filter>Source Files\WShading\WLights</Filter>
    </ClCompile>
    <ClCompile Include="WPointLight.cpp">
      <Filter>Source Files\WShading\WLights</Filter>
    </ClCompile>
    <ClCompile Include="WModel.cpp">
      <Filter>Source Files\WGeometricObjects</Filter>
    </ClCompile>
    <ClCompile Include="WBoundingBox.cpp">
      <Filter>Source Files\WGeometricObjects</Filter>
    </ClCompile>
    <ClCompile Include="WPhong.cpp">
      <Filter>Source Files\WShading\WMaterials</Filter>
    </ClCompile>
    <ClCompile Include="WGlossySpecular.cpp">
      <Filter>Source Files\WShading\WBRDF</Filter>
    </ClCompile>
    <ClCompile Include="WTexture.cpp">
      <Filter>Source Files\WShading\WTextures</Filter>
    </ClCompile>
    <ClCompile Include="WConstantColor.cpp">
      <Filter>Source Files\WShading\WTextures</Filter>
    </ClCompile>
    <ClCompile Include="WSV_Lambertian.cpp">
      <Filter>Source Files\WShading\WBRDF</Filter>
    </ClCompile>
    <ClCompile Include="WSV_MatteMaterial.cpp">
      <Filter>Source Files\WShading\WMaterials</Filter>
    </ClCompile>
    <ClCompile Include="WImageTexture.cpp">
      <Filter>Source Files\WShading\WTextures</Filter>
    </ClCompile>
    <ClCompile Include="WMapping.cpp">
      <Filter>Source Files\WShading\WTextures\WMapping</Filter>
    </ClCompile>
    <ClCompile Include="WSphericalMap.cpp">
      <Filter>Source Files\WShading\WTextures\WMapping</Filter>
    </ClCompile>
  </ItemGroup>
  <ItemGroup>
    <ClInclude Include="Image.h">
      <Filter>Source Files\ImageLibrary</Filter>
    </ClInclude>
    <ClInclude Include="WVector3.h">
      <Filter>Source Files\WStructures</Filter>
    </ClInclude>
    <ClInclude Include="WVector2.h">
      <Filter>Source Files\WStructures</Filter>
    </ClInclude>
    <ClInclude Include="WRay.h">
      <Filter>Source Files\WStructures</Filter>
    </ClInclude>
    <ClInclude Include="WPlane.h">
      <Filter>Source Files\WStructures</Filter>
    </ClInclude>
    <ClInclude Include="WImageWriter.h">
      <Filter>Source Files\Utilities</Filter>
    </ClInclude>
    <ClInclude Include="WColor.h">
      <Filter>Source Files\WStructures</Filter>
    </ClInclude>
    <ClInclude Include="WImage.h">
      <Filter>Source Files\WStructures</Filter>
    </ClInclude>
    <ClInclude Include="WWorld.h">
      <Filter>Source Files\WStructures</Filter>
    </ClInclude>
    <ClInclude Include="WGeometricObject.h">
      <Filter>Source Files\WGeometricObjects</Filter>
    </ClInclude>
    <ClInclude Include="WSphere.h">
      <Filter>Source Files\WGeometricObjects</Filter>
    </ClInclude>
    <ClInclude Include="WUtilities.h">
      <Filter>Source Files\Utilities</Filter>
    </ClInclude>
    <ClInclude Include="WViewPlane.h">
      <Filter>Source Files\WStructures</Filter>
    </ClInclude>
    <ClInclude Include="WCamera.h">
      <Filter>Source Files\WStructures\WCamera</Filter>
    </ClInclude>
    <ClInclude Include="WOrthoCamera.h">
      <Filter>Source Files\WStructures\WCamera</Filter>
    </ClInclude>
    <ClInclude Include="WPerspectiveCamera.h">
      <Filter>Source Files\WStructures\WCamera</Filter>
    </ClInclude>
    <ClInclude Include="WTriangle.h">
      <Filter>Source Files\WGeometricObjects</Filter>
    </ClInclude>
    <ClInclude Include="WObjReader.h">
      <Filter>Source Files\Utilities</Filter>
    </ClInclude>
    <ClInclude Include="WLight.h">
      <Filter>Source Files\WShading\WLights</Filter>
    </ClInclude>
    <ClInclude Include="WMaterial.h">
      <Filter>Source Files\WShading\WMaterials</Filter>
    </ClInclude>
    <ClInclude Include="WShadingInfo.h">
      <Filter>Source Files\WShading</Filter>
    </ClInclude>
    <ClInclude Include="WMatteMaterial.h">
      <Filter>Source Files\WShading\WMaterials</Filter>
    </ClInclude>
    <ClInclude Include="WLambertian.h">
      <Filter>Source Files\WShading\WBRDF</Filter>
    </ClInclude>
    <ClInclude Include="WBRDF.h">
      <Filter>Source Files\WShading\WBRDF</Filter>
    </ClInclude>
    <ClInclude Include="WAmbient.h">
      <Filter>Source Files\WShading\WLights</Filter>
    </ClInclude>
    <ClInclude Include="WPointLight.h">
      <Filter>Source Files\WShading\WLights</Filter>
    </ClInclude>
    <ClInclude Include="WModel.h">
      <Filter>Source Files\WGeometricObjects</Filter>
    </ClInclude>
    <ClInclude Include="WBoundingBox.h">
      <Filter>Source Files\WGeometricObjects</Filter>
    </ClInclude>
    <ClInclude Include="WPhong.h">
      <Filter>Source Files\WShading\WMaterials</Filter>
    </ClInclude>
    <ClInclude Include="WGlossySpecular.h">
      <Filter>Source Files\WShading\WBRDF</Filter>
    </ClInclude>
    <ClInclude Include="WTexture.h">
      <Filter>Source Files\WShading\WTextures</Filter>
    </ClInclude>
    <ClInclude Include="WConstantColor.h">
      <Filter>Source Files\WShading\WTextures</Filter>
    </ClInclude>
    <ClInclude Include="WSV_Lambertian.h">
      <Filter>Source Files\WShading\WBRDF</Filter>
    </ClInclude>
    <ClInclude Include="WSV_MatteMaterial.h">
      <Filter>Source Files\WShading\WMaterials</Filter>
    </ClInclude>
    <ClInclude Include="WImageTexture.h">
      <Filter>Source Files\WShading\WTextures</Filter>
    </ClInclude>
    <ClInclude Include="WMapping.h">
      <Filter>Source Files\WShading\WTextures\WMapping</Filter>
    </ClInclude>
    <ClInclude Include="WSphericalMap.h">
      <Filter>Source Files\WShading\WTextures\WMapping</Filter>
    </ClInclude>
  </ItemGroup>
</Project>